
Microsoft Visual Studio Solution File, Format Version 12.00
# Visual Studio 15
VisualStudioVersion = 15.0.28307.705
MinimumVisualStudioVersion = 10.0.40219.1
Project("{8BC9CEB8-8B4A-11D0-8D11-00A0C91BC942}") = "TPD02", "TPD02\TPD02.vcxproj", "{6BCEF5AD-FC08-45CC-967E-FD7292BE21AA}"
EndProject
Global
	GlobalSection(SolutionConfigurationPlatforms) = preSolution
		Debug|x64 = Debug|x64
		Debug|x86 = Debug|x86
		Release|x64 = Release|x64
		Release|x86 = Release|x86
	EndGlobalSection
	GlobalSection(ProjectConfigurationPlatforms) = postSolution
		{6BCEF5AD-FC08-45CC-967E-FD7292BE21AA}.Debug|x64.ActiveCfg = Debug|x64
		{6BCEF5AD-FC08-45CC-967E-FD7292BE21AA}.Debug|x64.Build.0 = Debug|x64
		{6BCEF5AD-FC08-45CC-967E-FD7292BE21AA}.Debug|x86.ActiveCfg = Debug|Win32
		{6BCEF5AD-FC08-45CC-967E-FD7292BE21AA}.Debug|x86.Build.0 = Debug|Win32
		{6BCEF5AD-FC08-45CC-967E-FD7292BE21AA}.Release|x64.ActiveCfg = Release|x64
		{6BCEF5AD-FC08-45CC-967E-FD7292BE21AA}.Release|x64.Build.0 = Release|x64
		{6BCEF5AD-FC08-45CC-967E-FD7292BE21AA}.Release|x86.ActiveCfg = Release|Win32
		{6BCEF5AD-FC08-45CC-967E-FD7292BE21AA}.Release|x86.Build.0 = Release|Win32
	EndGlobalSection
	GlobalSection(SolutionProperties) = preSolution
		HideSolutionNode = FALSE
	EndGlobalSection
	GlobalSection(ExtensibilityGlobals) = postSolution
		SolutionGuid = {939662CE-A50B-4A71-A533-616E43E1DD92}
	EndGlobalSection
EndGlobal
